
Microsoft Visual Studio Solution File, Format Version 12.00
# Visual Studio Version 16
VisualStudioVersion = 16.0.30611.23
MinimumVisualStudioVersion = 10.0.40219.1
Project("{FAE04EC0-301F-11D3-BF4B-00C04F79EFBC}") = "Fireman System", "Fireman System.csproj", "{A09547B9-DCD9-400B-A193-13D22F4E8DD1}"
EndProject
Global
	GlobalSection(SolutionConfigurationPlatforms) = preSolution
		Debug|Any CPU = Debug|Any CPU
		Release|Any CPU = Release|Any CPU
	EndGlobalSection
	GlobalSection(ProjectConfigurationPlatforms) = postSolution
		{A09547B9-DCD9-400B-A193-13D22F4E8DD1}.Debug|Any CPU.ActiveCfg = Debug|Any CPU
		{A09547B9-DCD9-400B-A193-13D22F4E8DD1}.Debug|Any CPU.Build.0 = Debug|Any CPU
		{A09547B9-DCD9-400B-A193-13D22F4E8DD1}.Release|Any CPU.ActiveCfg = Release|Any CPU
		{A09547B9-DCD9-400B-A193-13D22F4E8DD1}.Release|Any CPU.Build.0 = Release|Any CPU
	EndGlobalSection
	GlobalSection(SolutionProperties) = preSolution
		HideSolutionNode = FALSE
	EndGlobalSection
	GlobalSection(ExtensibilityGlobals) = postSolution
		SolutionGuid = {7695EFB9-B5AB-41D7-A594-1019AFA5B861}
	EndGlobalSection
EndGlobal
